
Microsoft Visual Studio Solution File, Format Version 12.00
# Visual Studio Version 16
VisualStudioVersion = 16.0.29905.134
MinimumVisualStudioVersion = 10.0.40219.1
Project("{FAE04EC0-301F-11D3-BF4B-00C04F79EFBC}") = "TETriangle", "TETriangle\TETriangle.csproj", "{96B654AA-DAB2-4F46-8B2E-06EC36F8159D}"
EndProject
Global
	GlobalSection(SolutionConfigurationPlatforms) = preSolution
		Debug|Any CPU = Debug|Any CPU
		Release|Any CPU = Release|Any CPU
	EndGlobalSection
	GlobalSection(ProjectConfigurationPlatforms) = postSolution
		{96B654AA-DAB2-4F46-8B2E-06EC36F8159D}.Debug|Any CPU.ActiveCfg = Debug|Any CPU
		{96B654AA-DAB2-4F46-8B2E-06EC36F8159D}.Debug|Any CPU.Build.0 = Debug|Any CPU
		{96B654AA-DAB2-4F46-8B2E-06EC36F8159D}.Release|Any CPU.ActiveCfg = Release|Any CPU
		{96B654AA-DAB2-4F46-8B2E-06EC36F8159D}.Release|Any CPU.Build.0 = Release|Any CPU
	EndGlobalSection
	GlobalSection(SolutionProperties) = preSolution
		HideSolutionNode = FALSE
	EndGlobalSection
	GlobalSection(ExtensibilityGlobals) = postSolution
		SolutionGuid = {9016A2E3-072C-4B69-A61F-3B9D687C3769}
	EndGlobalSection
EndGlobal
